
Microsoft Visual Studio Solution File, Format Version 12.00
# Visual Studio Version 17
VisualStudioVersion = 17.2.32602.215
MinimumVisualStudioVersion = 10.0.40219.1
Project("{9A19103F-16F7-4668-BE54-9A1E7A4F7556}") = "WebDriverDemo", "WebDriverDemo.csproj", "{FFD425E0-C89A-4751-A0C4-E308B19A47D2}"
EndProject
Project("{9A19103F-16F7-4668-BE54-9A1E7A4F7556}") = "WikipediaWebDriver", "..\..\WikipediaWebDriver\WikipediaWebDriver.csproj", "{D7242498-6FD8-4223-B9F0-0FA21670F134}"
EndProject
Project("{9A19103F-16F7-4668-BE54-9A1E7A4F7556}") = "SoftUniWebDriver", "..\..\SoftUniWebDriver\SoftUniWebDriver.csproj", "{76B92951-9BC1-497E-B999-9C677B84F0CE}"
EndProject
Global
	GlobalSection(SolutionConfigurationPlatforms) = preSolution
		Debug|Any CPU = Debug|Any CPU
		Release|Any CPU = Release|Any CPU
	EndGlobalSection
	GlobalSection(ProjectConfigurationPlatforms) = postSolution
		{FFD425E0-C89A-4751-A0C4-E308B19A47D2}.Debug|Any CPU.ActiveCfg = Debug|Any CPU
		{FFD425E0-C89A-4751-A0C4-E308B19A47D2}.Debug|Any CPU.Build.0 = Debug|Any CPU
		{FFD425E0-C89A-4751-A0C4-E308B19A47D2}.Release|Any CPU.ActiveCfg = Release|Any CPU
		{FFD425E0-C89A-4751-A0C4-E308B19A47D2}.Release|Any CPU.Build.0 = Release|Any CPU
		{D7242498-6FD8-4223-B9F0-0FA21670F134}.Debug|Any CPU.ActiveCfg = Debug|Any CPU
		{D7242498-6FD8-4223-B9F0-0FA21670F134}.Debug|Any CPU.Build.0 = Debug|Any CPU
		{D7242498-6FD8-4223-B9F0-0FA21670F134}.Release|Any CPU.ActiveCfg = Release|Any CPU
		{D7242498-6FD8-4223-B9F0-0FA21670F134}.Release|Any CPU.Build.0 = Release|Any CPU
		{76B92951-9BC1-497E-B999-9C677B84F0CE}.Debug|Any CPU.ActiveCfg = Debug|Any CPU
		{76B92951-9BC1-497E-B999-9C677B84F0CE}.Debug|Any CPU.Build.0 = Debug|Any CPU
		{76B92951-9BC1-497E-B999-9C677B84F0CE}.Release|Any CPU.ActiveCfg = Release|Any CPU
		{76B92951-9BC1-497E-B999-9C677B84F0CE}.Release|Any CPU.Build.0 = Release|Any CPU
	EndGlobalSection
	GlobalSection(SolutionProperties) = preSolution
		HideSolutionNode = FALSE
	EndGlobalSection
	GlobalSection(ExtensibilityGlobals) = postSolution
		SolutionGuid = {D43CDCAF-F13E-42F5-BC3B-A81F166FD579}
	EndGlobalSection
EndGlobal
